
Microsoft Visual Studio Solution File, Format Version 11.00
# Visual C++ Express 2010
Project("{8BC9CEB8-8B4A-11D0-8D11-00A0C91BC942}") = "Z4", "Z4\Z4.vcxproj", "{039B4DE4-37D4-45F1-ADF2-5023ABFEBF97}"
EndProject
Global
	GlobalSection(SolutionConfigurationPlatforms) = preSolution
		Debug|Win32 = Debug|Win32
		Release|Win32 = Release|Win32
	EndGlobalSection
	GlobalSection(ProjectConfigurationPlatforms) = postSolution
		{039B4DE4-37D4-45F1-ADF2-5023ABFEBF97}.Debug|Win32.ActiveCfg = Debug|Win32
		{039B4DE4-37D4-45F1-ADF2-5023ABFEBF97}.Debug|Win32.Build.0 = Debug|Win32
		{039B4DE4-37D4-45F1-ADF2-5023ABFEBF97}.Release|Win32.ActiveCfg = Release|Win32
		{039B4DE4-37D4-45F1-ADF2-5023ABFEBF97}.Release|Win32.Build.0 = Release|Win32
	EndGlobalSection
	GlobalSection(SolutionProperties) = preSolution
		HideSolutionNode = FALSE
	EndGlobalSection
EndGlobal
