
Microsoft Visual Studio Solution File, Format Version 11.00
# Visual C++ Express 2010
Project("{8BC9CEB8-8B4A-11D0-8D11-00A0C91BC942}") = "zadanie4", "zadanie4\zadanie4.vcxproj", "{729D9307-71CD-4829-8F50-AAD7038CA591}"
EndProject
Global
	GlobalSection(SolutionConfigurationPlatforms) = preSolution
		Debug|Win32 = Debug|Win32
		Release|Win32 = Release|Win32
	EndGlobalSection
	GlobalSection(ProjectConfigurationPlatforms) = postSolution
		{729D9307-71CD-4829-8F50-AAD7038CA591}.Debug|Win32.ActiveCfg = Debug|Win32
		{729D9307-71CD-4829-8F50-AAD7038CA591}.Debug|Win32.Build.0 = Debug|Win32
		{729D9307-71CD-4829-8F50-AAD7038CA591}.Release|Win32.ActiveCfg = Release|Win32
		{729D9307-71CD-4829-8F50-AAD7038CA591}.Release|Win32.Build.0 = Release|Win32
	EndGlobalSection
	GlobalSection(SolutionProperties) = preSolution
		HideSolutionNode = FALSE
	EndGlobalSection
EndGlobal
